// !$*UTF8*$!
{
	archiveVersion = 1;
	classes = {
	};
	objectVersion = 46;
	objects = {

/* Begin PBXBuildFile section */
		324DF4C3162B43AE009543A4 /* main.cpp in Sources */ = {isa = PBXBuildFile; fileRef = 324DF4C2162B43AE009543A4 /* main.cpp */; };
		324DF4C5162B43AE009543A4 /* Tic_Tac_Toe.1 in CopyFiles */ = {isa = PBXBuildFile; fileRef = 324DF4C4162B43AE009543A4 /* Tic_Tac_Toe.1 */; };
/* End PBXBuildFile section */

/* Begin PBXCopyFilesBuildPhase section */
		324DF4BC162B43AE009543A4 /* CopyFiles */ = {
			isa = PBXCopyFilesBuildPhase;
			buildActionMask = 2147483647;
			dstPath = /usr/share/man/man1/;
			dstSubfolderSpec = 0;
			files = (
				324DF4C5162B43AE009543A4 /* Tic_Tac_Toe.1 in CopyFiles */,
			);
			runOnlyForDeploymentPostprocessing = 1;
		};
/* End PBXCopyFilesBuildPhase section */

/* Begin PBXFileReference section */
		324DF4BE162B43AE009543A4 /* Tic Tac Toe */ = {isa = PBXFileReference; explicitFileType = "compiled.mach-o.executable"; includeInIndex = 0; path = "Tic Tac Toe"; sourceTree = BUILT_PRODUCTS_DIR; };
		324DF4C2162B43AE009543A4 /* main.cpp */ = {isa = PBXFileReference; lastKnownFileType = sourcecode.cpp.cpp; path = main.cpp; sourceTree = "<group>"; };
		324DF4C4162B43AE009543A4 /* Tic_Tac_Toe.1 */ = {isa = PBXFileReference; lastKnownFileType = text.man; path = Tic_Tac_Toe.1; sourceTree = "<group>"; };
/* End PBXFileReference section */

/* Begin PBXFrameworksBuildPhase section */
		324DF4BB162B43AE009543A4 /* Frameworks */ = {
			isa = PBXFrameworksBuildPhase;
			buildActionMask = 2147483647;
			files = (
			);
			runOnlyForDeploymentPostprocessing = 0;
		};
/* End PBXFrameworksBuildPhase section */

/* Begin PBXGroup section */
		324DF4B3162B43AE009543A4 = {
			isa = PBXGroup;
			children = (
				324DF4C1162B43AE009543A4 /* Tic Tac Toe */,
				324DF4BF162B43AE009543A4 /* Products */,
			);
			sourceTree = "<group>";
		};
		324DF4BF162B43AE009543A4 /* Products */ = {
			isa = PBXGroup;
			children = (
				324DF4BE162B43AE009543A4 /* Tic Tac Toe */,
			);
			name = Products;
			sourceTree = "<group>";
		};
		324DF4C1162B43AE009543A4 /* Tic Tac Toe */ = {
			isa = PBXGroup;
			children = (
				324DF4C2162B43AE009543A4 /* main.cpp */,
				324DF4C4162B43AE009543A4 /* Tic_Tac_Toe.1 */,
			);
			path = "Tic Tac Toe";
			sourceTree = "<group>";
		};
/* End PBXGroup section */

/* Begin PBXNativeTarget section */
		324DF4BD162B43AE009543A4 /* Tic Tac Toe */ = {
			isa = PBXNativeTarget;
			buildConfigurationList = 324DF4C8162B43AE009543A4 /* Build configuration list for PBXNativeTarget "Tic Tac Toe" */;
			buildPhases = (
				324DF4BA162B43AE009543A4 /* Sources */,
				324DF4BB162B43AE009543A4 /* Frameworks */,
				324DF4BC162B43AE009543A4 /* CopyFiles */,
			);
			buildRules = (
			);
			dependencies = (
			);
			name = "Tic Tac Toe";
			productName = "Tic Tac Toe";
			productReference = 324DF4BE162B43AE009543A4 /* Tic Tac Toe */;
			productType = "com.apple.product-type.tool";
		};
/* End PBXNativeTarget section */

/* Begin PBXProject section */
		324DF4B5162B43AE009543A4 /* Project object */ = {
			isa = PBXProject;
			attributes = {
				LastUpgradeCheck = 0450;
				ORGANIZATIONNAME = "Runar Ovesen Hjerpbakk";
			};
			buildConfigurationList = 324DF4B8162B43AE009543A4 /* Build configuration list for PBXProject "Tic Tac Toe" */;
			compatibilityVersion = "Xcode 3.2";
			developmentRegion = English;
			hasScannedForEncodings = 0;
			knownRegions = (
				en,
			);
			mainGroup = 324DF4B3162B43AE009543A4;
			productRefGroup = 324DF4BF162B43AE009543A4 /* Products */;
			projectDirPath = "";
			projectRoot = "";
			targets = (
				324DF4BD162B43AE009543A4 /* Tic Tac Toe */,
			);
		};
/* End PBXProject section */

/* Begin PBXSourcesBuildPhase section */
		324DF4BA162B43AE009543A4 /* Sources */ = {
			isa = PBXSourcesBuildPhase;
			buildActionMask = 2147483647;
			files = (
				324DF4C3162B43AE009543A4 /* main.cpp in Sources */,
			);
			runOnlyForDeploymentPostprocessing = 0;
		};
/* End PBXSourcesBuildPhase section */

/* Begin XCBuildConfiguration section */
		324DF4C6162B43AE009543A4 /* Debug */ = {
			isa = XCBuildConfiguration;
			buildSettings = {
				ALWAYS_SEARCH_USER_PATHS = NO;
				ARCHS = "$(ARCHS_STANDARD_64_BIT)";
				CLANG_CXX_LANGUAGE_STANDARD = "gnu++0x";
				CLANG_CXX_LIBRARY = "libc++";
				CLANG_WARN_EMPTY_BODY = YES;
				CLANG_WARN__DUPLICATE_METHOD_MATCH = YES;
				COPY_PHASE_STRIP = NO;
				GCC_C_LANGUAGE_STANDARD = gnu99;
				GCC_DYNAMIC_NO_PIC = NO;
				GCC_ENABLE_OBJC_EXCEPTIONS = YES;
				GCC_OPTIMIZATION_LEVEL = 0;
				GCC_PREPROCESSOR_DEFINITIONS = (
					"DEBUG=1",
					"$(inherited)",
				);
				GCC_SYMBOLS_PRIVATE_EXTERN = NO;
				GCC_WARN_64_TO_32_BIT_CONVERSION = YES;
				GCC_WARN_ABOUT_RETURN_TYPE = YES;
				GCC_WARN_UNINITIALIZED_AUTOS = YES;
				GCC_WARN_UNUSED_VARIABLE = YES;
				MACOSX_DEPLOYMENT_TARGET = 10.8;
				ONLY_ACTIVE_ARCH = YES;
				SDKROOT = macosx;
			};
			name = Debug;
		};
		324DF4C7162B43AE009543A4 /* Release */ = {
			isa = XCBuildConfiguration;
			buildSettings = {
				ALWAYS_SEARCH_USER_PATHS = NO;
				ARCHS = "$(ARCHS_STANDARD_64_BIT)";
				CLANG_CXX_LANGUAGE_STANDARD = "gnu++0x";
				CLANG_CXX_LIBRARY = "libc++";
				CLANG_WARN_EMPTY_BODY = YES;
				CLANG_WARN__DUPLICATE_METHOD_MATCH = YES;
				COPY_PHASE_STRIP = YES;
				DEBUG_INFORMATION_FORMAT = "dwarf-with-dsym";
				GCC_C_LANGUAGE_STANDARD = gnu99;
				GCC_ENABLE_OBJC_EXCEPTIONS = YES;
				GCC_WARN_64_TO_32_BIT_CONVERSION = YES;
				GCC_WARN_ABOUT_RETURN_TYPE = YES;
				GCC_WARN_UNINITIALIZED_AUTOS = YES;
				GCC_WARN_UNUSED_VARIABLE = YES;
				MACOSX_DEPLOYMENT_TARGET = 10.8;
				SDKROOT = macosx;
			};
			name = Release;
		};
		324DF4C9162B43AE009543A4 /* Debug */ = {
			isa = XCBuildConfiguration;
			buildSettings = {
				PRODUCT_NAME = "$(TARGET_NAME)";
			};
			name = Debug;
		};
		324DF4CA162B43AE009543A4 /* Release */ = {
			isa = XCBuildConfiguration;
			buildSettings = {
				PRODUCT_NAME = "$(TARGET_NAME)";
			};
			name = Release;
		};
/* End XCBuildConfiguration section */

/* Begin XCConfigurationList section */
		324DF4B8162B43AE009543A4 /* Build configuration list for PBXProject "Tic Tac Toe" */ = {
			isa = XCConfigurationList;
			buildConfigurations = (
				324DF4C6162B43AE009543A4 /* Debug */,
				324DF4C7162B43AE009543A4 /* Release */,
			);
			defaultConfigurationIsVisible = 0;
			defaultConfigurationName = Release;
		};
		324DF4C8162B43AE009543A4 /* Build configuration list for PBXNativeTarget "Tic Tac Toe" */ = {
			isa = XCConfigurationList;
			buildConfigurations = (
				324DF4C9162B43AE009543A4 /* Debug */,
				324DF4CA162B43AE009543A4 /* Release */,
			);
			defaultConfigurationIsVisible = 0;
		};
/* End XCConfigurationList section */
	};
	rootObject = 324DF4B5162B43AE009543A4 /* Project object */;
}
